// !$*UTF8*$!
{
	archiveVersion = 1;
	classes = {
	};
	objectVersion = 50;
	objects = {

/* Begin PBXBuildFile section */
		71E0B6A9233A454F00F498A3 /* AppDelegate.swift in Sources */ = {isa = PBXBuildFile; fileRef = 71E0B6A8233A454F00F498A3 /* AppDelegate.swift */; };
		71E0B6AB233A454F00F498A3 /* SceneDelegate.swift in Sources */ = {isa = PBXBuildFile; fileRef = 71E0B6AA233A454F00F498A3 /* SceneDelegate.swift */; };
		71E0B6AD233A454F00F498A3 /* ViewController.swift in Sources */ = {isa = PBXBuildFile; fileRef = 71E0B6AC233A454F00F498A3 /* ViewController.swift */; };
		71E0B6B0233A454F00F498A3 /* Main.storyboard in Resources */ = {isa = PBXBuildFile; fileRef = 71E0B6AE233A454F00F498A3 /* Main.storyboard */; };
		71E0B6B3233A454F00F498A3 /* Calculator.xcdatamodeld in Sources */ = {isa = PBXBuildFile; fileRef = 71E0B6B1233A454F00F498A3 /* Calculator.xcdatamodeld */; };
		71E0B6B5233A455000F498A3 /* Assets.xcassets in Resources */ = {isa = PBXBuildFile; fileRef = 71E0B6B4233A455000F498A3 /* Assets.xcassets */; };
		71E0B6B8233A455000F498A3 /* LaunchScreen.storyboard in Resources */ = {isa = PBXBuildFile; fileRef = 71E0B6B6233A455000F498A3 /* LaunchScreen.storyboard */; };
		71E0B6C0233B7A3C00F498A3 /* CalculatorLogic.swift in Sources */ = {isa = PBXBuildFile; fileRef = 71E0B6BF233B7A3C00F498A3 /* CalculatorLogic.swift */; };
/* End PBXBuildFile section */

/* Begin PBXFileReference section */
		71E0B6A5233A454F00F498A3 /* Calculator.app */ = {isa = PBXFileReference; explicitFileType = wrapper.application; includeInIndex = 0; path = Calculator.app; sourceTree = BUILT_PRODUCTS_DIR; };
		71E0B6A8233A454F00F498A3 /* AppDelegate.swift */ = {isa = PBXFileReference; lastKnownFileType = sourcecode.swift; path = AppDelegate.swift; sourceTree = "<group>"; };
		71E0B6AA233A454F00F498A3 /* SceneDelegate.swift */ = {isa = PBXFileReference; lastKnownFileType = sourcecode.swift; path = SceneDelegate.swift; sourceTree = "<group>"; };
		71E0B6AC233A454F00F498A3 /* ViewController.swift */ = {isa = PBXFileReference; lastKnownFileType = sourcecode.swift; path = ViewController.swift; sourceTree = "<group>"; };
		71E0B6AF233A454F00F498A3 /* Base */ = {isa = PBXFileReference; lastKnownFileType = file.storyboard; name = Base; path = Base.lproj/Main.storyboard; sourceTree = "<group>"; };
		71E0B6B2233A454F00F498A3 /* Calculator.xcdatamodel */ = {isa = PBXFileReference; lastKnownFileType = wrapper.xcdatamodel; path = Calculator.xcdatamodel; sourceTree = "<group>"; };
		71E0B6B4233A455000F498A3 /* Assets.xcassets */ = {isa = PBXFileReference; lastKnownFileType = folder.assetcatalog; path = Assets.xcassets; sourceTree = "<group>"; };
		71E0B6B7233A455000F498A3 /* Base */ = {isa = PBXFileReference; lastKnownFileType = file.storyboard; name = Base; path = Base.lproj/LaunchScreen.storyboard; sourceTree = "<group>"; };
		71E0B6B9233A455000F498A3 /* Info.plist */ = {isa = PBXFileReference; lastKnownFileType = text.plist.xml; path = Info.plist; sourceTree = "<group>"; };
		71E0B6BF233B7A3C00F498A3 /* CalculatorLogic.swift */ = {isa = PBXFileReference; lastKnownFileType = sourcecode.swift; path = CalculatorLogic.swift; sourceTree = "<group>"; };
/* End PBXFileReference section */

/* Begin PBXFrameworksBuildPhase section */
		71E0B6A2233A454F00F498A3 /* Frameworks */ = {
			isa = PBXFrameworksBuildPhase;
			buildActionMask = 2147483647;
			files = (
			);
			runOnlyForDeploymentPostprocessing = 0;
		};
/* End PBXFrameworksBuildPhase section */

/* Begin PBXGroup section */
		71E0B69C233A454F00F498A3 = {
			isa = PBXGroup;
			children = (
				71E0B6A7233A454F00F498A3 /* Calculator */,
				71E0B6A6233A454F00F498A3 /* Products */,
			);
			sourceTree = "<group>";
		};
		71E0B6A6233A454F00F498A3 /* Products */ = {
			isa = PBXGroup;
			children = (
				71E0B6A5233A454F00F498A3 /* Calculator.app */,
			);
			name = Products;
			sourceTree = "<group>";
		};
		71E0B6A7233A454F00F498A3 /* Calculator */ = {
			isa = PBXGroup;
			children = (
				71E0B6A8233A454F00F498A3 /* AppDelegate.swift */,
				71E0B6AA233A454F00F498A3 /* SceneDelegate.swift */,
				71E0B6C2233B7A8B00F498A3 /* Controller */,
				71E0B6C1233B7A7100F498A3 /* Model */,
				71E0B6C3233B7AA200F498A3 /* View */,
				71E0B6B4233A455000F498A3 /* Assets.xcassets */,
				71E0B6B6233A455000F498A3 /* LaunchScreen.storyboard */,
				71E0B6B9233A455000F498A3 /* Info.plist */,
				71E0B6B1233A454F00F498A3 /* Calculator.xcdatamodeld */,
			);
			path = Calculator;
			sourceTree = "<group>";
		};
		71E0B6C1233B7A7100F498A3 /* Model */ = {
			isa = PBXGroup;
			children = (
				71E0B6BF233B7A3C00F498A3 /* CalculatorLogic.swift */,
			);
			path = Model;
			sourceTree = "<group>";
		};
		71E0B6C2233B7A8B00F498A3 /* Controller */ = {
			isa = PBXGroup;
			children = (
				71E0B6AC233A454F00F498A3 /* ViewController.swift */,
			);
			path = Controller;
			sourceTree = "<group>";
		};
		71E0B6C3233B7AA200F498A3 /* View */ = {
			isa = PBXGroup;
			children = (
				71E0B6AE233A454F00F498A3 /* Main.storyboard */,
			);
			path = View;
			sourceTree = "<group>";
		};
/* End PBXGroup section */

/* Begin PBXNativeTarget section */
		71E0B6A4233A454F00F498A3 /* Calculator */ = {
			isa = PBXNativeTarget;
			buildConfigurationList = 71E0B6BC233A455000F498A3 /* Build configuration list for PBXNativeTarget "Calculator" */;
			buildPhases = (
				71E0B6A1233A454F00F498A3 /* Sources */,
				71E0B6A2233A454F00F498A3 /* Frameworks */,
				71E0B6A3233A454F00F498A3 /* Resources */,
			);
			buildRules = (
			);
			dependencies = (
			);
			name = Calculator;
			productName = Calculator;
			productReference = 71E0B6A5233A454F00F498A3 /* Calculator.app */;
			productType = "com.apple.product-type.application";
		};
/* End PBXNativeTarget section */

/* Begin PBXProject section */
		71E0B69D233A454F00F498A3 /* Project object */ = {
			isa = PBXProject;
			attributes = {
				LastSwiftUpdateCheck = 1100;
				LastUpgradeCheck = 1100;
				ORGANIZATIONNAME = "Whiskerz AB";
				TargetAttributes = {
					71E0B6A4233A454F00F498A3 = {
						CreatedOnToolsVersion = 11.0;
					};
				};
			};
			buildConfigurationList = 71E0B6A0233A454F00F498A3 /* Build configuration list for PBXProject "Calculator" */;
			compatibilityVersion = "Xcode 9.3";
			developmentRegion = en;
			hasScannedForEncodings = 0;
			knownRegions = (
				en,
				Base,
			);
			mainGroup = 71E0B69C233A454F00F498A3;
			productRefGroup = 71E0B6A6233A454F00F498A3 /* Products */;
			projectDirPath = "";
			projectRoot = "";
			targets = (
				71E0B6A4233A454F00F498A3 /* Calculator */,
			);
		};
/* End PBXProject section */

/* Begin PBXResourcesBuildPhase section */
		71E0B6A3233A454F00F498A3 /* Resources */ = {
			isa = PBXResourcesBuildPhase;
			buildActionMask = 2147483647;
			files = (
				71E0B6B8233A455000F498A3 /* LaunchScreen.storyboard in Resources */,
				71E0B6B5233A455000F498A3 /* Assets.xcassets in Resources */,
				71E0B6B0233A454F00F498A3 /* Main.storyboard in Resources */,
			);
			runOnlyForDeploymentPostprocessing = 0;
		};
/* End PBXResourcesBuildPhase section */

/* Begin PBXSourcesBuildPhase section */
		71E0B6A1233A454F00F498A3 /* Sources */ = {
			isa = PBXSourcesBuildPhase;
			buildActionMask = 2147483647;
			files = (
				71E0B6AD233A454F00F498A3 /* ViewController.swift in Sources */,
				71E0B6B3233A454F00F498A3 /* Calculator.xcdatamodeld in Sources */,
				71E0B6C0233B7A3C00F498A3 /* CalculatorLogic.swift in Sources */,
				71E0B6A9233A454F00F498A3 /* AppDelegate.swift in Sources */,
				71E0B6AB233A454F00F498A3 /* SceneDelegate.swift in Sources */,
			);
			runOnlyForDeploymentPostprocessing = 0;
		};
/* End PBXSourcesBuildPhase section */

/* Begin PBXVariantGroup section */
		71E0B6AE233A454F00F498A3 /* Main.storyboard */ = {
			isa = PBXVariantGroup;
			children = (
				71E0B6AF233A454F00F498A3 /* Base */,
			);
			name = Main.storyboard;
			sourceTree = "<group>";
		};
		71E0B6B6233A455000F498A3 /* LaunchScreen.storyboard */ = {
			isa = PBXVariantGroup;
			children = (
				71E0B6B7233A455000F498A3 /* Base */,
			);
			name = LaunchScreen.storyboard;
			sourceTree = "<group>";
		};
/* End PBXVariantGroup section */

/* Begin XCBuildConfiguration section */
		71E0B6BA233A455000F498A3 /* Debug */ = {
			isa = XCBuildConfiguration;
			buildSettings = {
				ALWAYS_SEARCH_USER_PATHS = NO;
				CLANG_ANALYZER_NONNULL = YES;
				CLANG_ANALYZER_NUMBER_OBJECT_CONVERSION = YES_AGGRESSIVE;
				CLANG_CXX_LANGUAGE_STANDARD = "gnu++14";
				CLANG_CXX_LIBRARY = "libc++";
				CLANG_ENABLE_MODULES = YES;
				CLANG_ENABLE_OBJC_ARC = YES;
				CLANG_ENABLE_OBJC_WEAK = YES;
				CLANG_WARN_BLOCK_CAPTURE_AUTORELEASING = YES;
				CLANG_WARN_BOOL_CONVERSION = YES;
				CLANG_WARN_COMMA = YES;
				CLANG_WARN_CONSTANT_CONVERSION = YES;
				CLANG_WARN_DEPRECATED_OBJC_IMPLEMENTATIONS = YES;
				CLANG_WARN_DIRECT_OBJC_ISA_USAGE = YES_ERROR;
				CLANG_WARN_DOCUMENTATION_COMMENTS = YES;
				CLANG_WARN_EMPTY_BODY = YES;
				CLANG_WARN_ENUM_CONVERSION = YES;
				CLANG_WARN_INFINITE_RECURSION = YES;
				CLANG_WARN_INT_CONVERSION = YES;
				CLANG_WARN_NON_LITERAL_NULL_CONVERSION = YES;
				CLANG_WARN_OBJC_IMPLICIT_RETAIN_SELF = YES;
				CLANG_WARN_OBJC_LITERAL_CONVERSION = YES;
				CLANG_WARN_OBJC_ROOT_CLASS = YES_ERROR;
				CLANG_WARN_RANGE_LOOP_ANALYSIS = YES;
				CLANG_WARN_STRICT_PROTOTYPES = YES;
				CLANG_WARN_SUSPICIOUS_MOVE = YES;
				CLANG_WARN_UNGUARDED_AVAILABILITY = YES_AGGRESSIVE;
				CLANG_WARN_UNREACHABLE_CODE = YES;
				CLANG_WARN__DUPLICATE_METHOD_MATCH = YES;
				COPY_PHASE_STRIP = NO;
				DEBUG_INFORMATION_FORMAT = dwarf;
				ENABLE_STRICT_OBJC_MSGSEND = YES;
				ENABLE_TESTABILITY = YES;
				GCC_C_LANGUAGE_STANDARD = gnu11;
				GCC_DYNAMIC_NO_PIC = NO;
				GCC_NO_COMMON_BLOCKS = YES;
				GCC_OPTIMIZATION_LEVEL = 0;
				GCC_PREPROCESSOR_DEFINITIONS = (
					"DEBUG=1",
					"$(inherited)",
				);
				GCC_WARN_64_TO_32_BIT_CONVERSION = YES;
				GCC_WARN_ABOUT_RETURN_TYPE = YES_ERROR;
				GCC_WARN_UNDECLARED_SELECTOR = YES;
				GCC_WARN_UNINITIALIZED_AUTOS = YES_AGGRESSIVE;
				GCC_WARN_UNUSED_FUNCTION = YES;
				GCC_WARN_UNUSED_VARIABLE = YES;
				IPHONEOS_DEPLOYMENT_TARGET = 13.0;
				MTL_ENABLE_DEBUG_INFO = INCLUDE_SOURCE;
				MTL_FAST_MATH = YES;
				ONLY_ACTIVE_ARCH = YES;
				SDKROOT = iphoneos;
				SWIFT_ACTIVE_COMPILATION_CONDITIONS = DEBUG;
				SWIFT_OPTIMIZATION_LEVEL = "-Onone";
			};
			name = Debug;
		};
		71E0B6BB233A455000F498A3 /* Release */ = {
			isa = XCBuildConfiguration;
			buildSettings = {
				ALWAYS_SEARCH_USER_PATHS = NO;
				CLANG_ANALYZER_NONNULL = YES;
				CLANG_ANALYZER_NUMBER_OBJECT_CONVERSION = YES_AGGRESSIVE;
				CLANG_CXX_LANGUAGE_STANDARD = "gnu++14";
				CLANG_CXX_LIBRARY = "libc++";
				CLANG_ENABLE_MODULES = YES;
				CLANG_ENABLE_OBJC_ARC = YES;
				CLANG_ENABLE_OBJC_WEAK = YES;
				CLANG_WARN_BLOCK_CAPTURE_AUTORELEASING = YES;
				CLANG_WARN_BOOL_CONVERSION = YES;
				CLANG_WARN_COMMA = YES;
				CLANG_WARN_CONSTANT_CONVERSION = YES;
				CLANG_WARN_DEPRECATED_OBJC_IMPLEMENTATIONS = YES;
				CLANG_WARN_DIRECT_OBJC_ISA_USAGE = YES_ERROR;
				CLANG_WARN_DOCUMENTATION_COMMENTS = YES;
				CLANG_WARN_EMPTY_BODY = YES;
				CLANG_WARN_ENUM_CONVERSION = YES;
				CLANG_WARN_INFINITE_RECURSION = YES;
				CLANG_WARN_INT_CONVERSION = YES;
				CLANG_WARN_NON_LITERAL_NULL_CONVERSION = YES;
				CLANG_WARN_OBJC_IMPLICIT_RETAIN_SELF = YES;
				CLANG_WARN_OBJC_LITERAL_CONVERSION = YES;
				CLANG_WARN_OBJC_ROOT_CLASS = YES_ERROR;
				CLANG_WARN_RANGE_LOOP_ANALYSIS = YES;
				CLANG_WARN_STRICT_PROTOTYPES = YES;
				CLANG_WARN_SUSPICIOUS_MOVE = YES;
				CLANG_WARN_UNGUARDED_AVAILABILITY = YES_AGGRESSIVE;
				CLANG_WARN_UNREACHABLE_CODE = YES;
				CLANG_WARN__DUPLICATE_METHOD_MATCH = YES;
				COPY_PHASE_STRIP = NO;
				DEBUG_INFORMATION_FORMAT = "dwarf-with-dsym";
				ENABLE_NS_ASSERTIONS = NO;
				ENABLE_STRICT_OBJC_MSGSEND = YES;
				GCC_C_LANGUAGE_STANDARD = gnu11;
				GCC_NO_COMMON_BLOCKS = YES;
				GCC_WARN_64_TO_32_BIT_CONVERSION = YES;
				GCC_WARN_ABOUT_RETURN_TYPE = YES_ERROR;
				GCC_WARN_UNDECLARED_SELECTOR = YES;
				GCC_WARN_UNINITIALIZED_AUTOS = YES_AGGRESSIVE;
				GCC_WARN_UNUSED_FUNCTION = YES;
				GCC_WARN_UNUSED_VARIABLE = YES;
				IPHONEOS_DEPLOYMENT_TARGET = 13.0;
				MTL_ENABLE_DEBUG_INFO = NO;
				MTL_FAST_MATH = YES;
				SDKROOT = iphoneos;
				SWIFT_COMPILATION_MODE = wholemodule;
				SWIFT_OPTIMIZATION_LEVEL = "-O";
				VALIDATE_PRODUCT = YES;
			};
			name = Release;
		};
		71E0B6BD233A455000F498A3 /* Debug */ = {
			isa = XCBuildConfiguration;
			buildSettings = {
				ASSETCATALOG_COMPILER_APPICON_NAME = AppIcon;
				CODE_SIGN_STYLE = Automatic;
				DEVELOPMENT_TEAM = 87U58BP9D2;
				INFOPLIST_FILE = Calculator/Info.plist;
				LD_RUNPATH_SEARCH_PATHS = (
					"$(inherited)",
					"@executable_path/Frameworks",
				);
				PRODUCT_BUNDLE_IDENTIFIER = se.whiskerz.Calculator;
				PRODUCT_NAME = "$(TARGET_NAME)";
				SWIFT_VERSION = 5.0;
				TARGETED_DEVICE_FAMILY = "1,2";
			};
			name = Debug;
		};
		71E0B6BE233A455000F498A3 /* Release */ = {
			isa = XCBuildConfiguration;
			buildSettings = {
				ASSETCATALOG_COMPILER_APPICON_NAME = AppIcon;
				CODE_SIGN_STYLE = Automatic;
				DEVELOPMENT_TEAM = 87U58BP9D2;
				INFOPLIST_FILE = Calculator/Info.plist;
				LD_RUNPATH_SEARCH_PATHS = (
					"$(inherited)",
					"@executable_path/Frameworks",
				);
				PRODUCT_BUNDLE_IDENTIFIER = se.whiskerz.Calculator;
				PRODUCT_NAME = "$(TARGET_NAME)";
				SWIFT_VERSION = 5.0;
				TARGETED_DEVICE_FAMILY = "1,2";
			};
			name = Release;
		};
/* End XCBuildConfiguration section */

/* Begin XCConfigurationList section */
		71E0B6A0233A454F00F498A3 /* Build configuration list for PBXProject "Calculator" */ = {
			isa = XCConfigurationList;
			buildConfigurations = (
				71E0B6BA233A455000F498A3 /* Debug */,
				71E0B6BB233A455000F498A3 /* Release */,
			);
			defaultConfigurationIsVisible = 0;
			defaultConfigurationName = Release;
		};
		71E0B6BC233A455000F498A3 /* Build configuration list for PBXNativeTarget "Calculator" */ = {
			isa = XCConfigurationList;
			buildConfigurations = (
				71E0B6BD233A455000F498A3 /* Debug */,
				71E0B6BE233A455000F498A3 /* Release */,
			);
			defaultConfigurationIsVisible = 0;
			defaultConfigurationName = Release;
		};
/* End XCConfigurationList section */

/* Begin XCVersionGroup section */
		71E0B6B1233A454F00F498A3 /* Calculator.xcdatamodeld */ = {
			isa = XCVersionGroup;
			children = (
				71E0B6B2233A454F00F498A3 /* Calculator.xcdatamodel */,
			);
			currentVersion = 71E0B6B2233A454F00F498A3 /* Calculator.xcdatamodel */;
			path = Calculator.xcdatamodeld;
			sourceTree = "<group>";
			versionGroupType = wrapper.xcdatamodel;
		};
/* End XCVersionGroup section */
	};
	rootObject = 71E0B69D233A454F00F498A3 /* Project object */;
}
